Microsoft Visual Studio Solution File, Format Version 11.00
# Visual Studio 2008

Project("{804F6BAA-6CC7-FA89-DCBF-175A8A38A9AB}") = "WOC", "Assembly-CSharp-vs.csproj", "{B64F9247-323F-6C48-936F-7B4ED76153FF}"
EndProject
Global
	GlobalSection(SolutionConfigurationPlatforms) = preSolution
		Debug|Any CPU = Debug|Any CPU
		Release|Any CPU = Release|Any CPU
	EndGlobalSection
	GlobalSection(ProjectConfigurationPlatforms) = postSolution
		{B64F9247-323F-6C48-936F-7B4ED76153FF}.Debug|Any CPU.ActiveCfg = Debug|Any CPU
		{B64F9247-323F-6C48-936F-7B4ED76153FF}.Debug|Any CPU.Build.0 = Debug|Any CPU
		{B64F9247-323F-6C48-936F-7B4ED76153FF}.Release|Any CPU.ActiveCfg = Release|Any CPU
		{B64F9247-323F-6C48-936F-7B4ED76153FF}.Release|Any CPU.Build.0 = Release|Any CPU
	EndGlobalSection
	GlobalSection(SolutionProperties) = preSolution
		HideSolutionNode = FALSE
	EndGlobalSection
																					GlobalSection(MonoDevelopProperties) = preSolution
		StartupItem = Assembly-CSharp.csproj
		Policies = $0
		$0.TextStylePolicy = $1
		$1.inheritsSet = null
		$1.scope = text/x-csharp
		$0.CSharpFormattingPolicy = $2
		$2.inheritsSet = Mono
		$2.inheritsScope = text/x-csharp
		$2.scope = text/x-csharp
		$0.TextStylePolicy = $3
		$3.FileWidth = 120
		$3.TabWidth = 4
		$3.EolMarker = Unix
		$3.inheritsSet = Mono
		$3.inheritsScope = text/plain
		$3.scope = text/plain
	EndGlobalSection

EndGlobal
